// !$*UTF8*$!
{
	archiveVersion = 1;
	classes = {
	};
	objectVersion = 50;
	objects = {

/* Begin PBXBuildFile section */
		5454802A254BC8A3008C859C /* AsynchronounsTestCase.swift in Sources */ = {isa = PBXBuildFile; fileRef = 54548029254BC8A3008C859C /* AsynchronounsTestCase.swift */; };
		54548032254BD36C008C859C /* dogs.json in Resources */ = {isa = PBXBuildFile; fileRef = 54548031254BD36C008C859C /* dogs.json */; };
		546754AB2546C02600E7F573 /* AppDelegate.swift in Sources */ = {isa = PBXBuildFile; fileRef = 546754AA2546C02600E7F573 /* AppDelegate.swift */; };
		546754AD2546C02600E7F573 /* SceneDelegate.swift in Sources */ = {isa = PBXBuildFile; fileRef = 546754AC2546C02600E7F573 /* SceneDelegate.swift */; };
		546754AF2546C02600E7F573 /* ListingViewController.swift in Sources */ = {isa = PBXBuildFile; fileRef = 546754AE2546C02600E7F573 /* ListingViewController.swift */; };
		546754B22546C02600E7F573 /* Main.storyboard in Resources */ = {isa = PBXBuildFile; fileRef = 546754B02546C02600E7F573 /* Main.storyboard */; };
		546754B42546C02B00E7F573 /* Assets.xcassets in Resources */ = {isa = PBXBuildFile; fileRef = 546754B32546C02B00E7F573 /* Assets.xcassets */; };
		546754B72546C02B00E7F573 /* LaunchScreen.storyboard in Resources */ = {isa = PBXBuildFile; fileRef = 546754B52546C02B00E7F573 /* LaunchScreen.storyboard */; };
		546754C72546CF7A00E7F573 /* Colors.xcassets in Resources */ = {isa = PBXBuildFile; fileRef = 546754C62546CF7A00E7F573 /* Colors.xcassets */; };
		546754C92546DAB200E7F573 /* LogoNavigationItem.swift in Sources */ = {isa = PBXBuildFile; fileRef = 546754C82546DAB200E7F573 /* LogoNavigationItem.swift */; };
		546754CE2546DB6F00E7F573 /* ListingCell.swift in Sources */ = {isa = PBXBuildFile; fileRef = 546754CD2546DB6F00E7F573 /* ListingCell.swift */; };
		546754D12546DEA200E7F573 /* ErrorTableViewCell.swift in Sources */ = {isa = PBXBuildFile; fileRef = 546754CF2546DEA200E7F573 /* ErrorTableViewCell.swift */; };
		546754D22546DEA200E7F573 /* ErrorTableViewCell.xib in Resources */ = {isa = PBXBuildFile; fileRef = 546754D02546DEA200E7F573 /* ErrorTableViewCell.xib */; };
		546754D42546E65C00E7F573 /* Dog.swift in Sources */ = {isa = PBXBuildFile; fileRef = 546754D32546E65C00E7F573 /* Dog.swift */; };
		546754D625471A6B00E7F573 /* User.swift in Sources */ = {isa = PBXBuildFile; fileRef = 546754D525471A6B00E7F573 /* User.swift */; };
		546754D825471B5C00E7F573 /* DogPatchClient.swift in Sources */ = {isa = PBXBuildFile; fileRef = 546754D725471B5C00E7F573 /* DogPatchClient.swift */; };
		546754DA2547EB2C00E7F573 /* ImageClient.swift in Sources */ = {isa = PBXBuildFile; fileRef = 546754D92547EB2C00E7F573 /* ImageClient.swift */; };
		546754E02547F68600E7F573 /* UITableViewCell+Identifier.swift in Sources */ = {isa = PBXBuildFile; fileRef = 546754DF2547F68600E7F573 /* UITableViewCell+Identifier.swift */; };
		546754E22547F6F500E7F573 /* StoryboardCreateble.swift in Sources */ = {isa = PBXBuildFile; fileRef = 546754E12547F6F500E7F573 /* StoryboardCreateble.swift */; };
		546754E42547F85900E7F573 /* UIViewController+StoryBoardCreateble.swift in Sources */ = {isa = PBXBuildFile; fileRef = 546754E32547F85900E7F573 /* UIViewController+StoryBoardCreateble.swift */; };
		546754E62548141800E7F573 /* NibCreatable.swift in Sources */ = {isa = PBXBuildFile; fileRef = 546754E52548141800E7F573 /* NibCreatable.swift */; };
		546754E8254814C700E7F573 /* UIViewController+NibCreatable.swift in Sources */ = {isa = PBXBuildFile; fileRef = 546754E7254814C700E7F573 /* UIViewController+NibCreatable.swift */; };
		546754EA254815BF00E7F573 /* UIView+NibCreatable.swift in Sources */ = {isa = PBXBuildFile; fileRef = 546754E9254815BF00E7F573 /* UIView+NibCreatable.swift */; };
		546754EC25481CB200E7F573 /* UIView+AppyShadow.swift in Sources */ = {isa = PBXBuildFile; fileRef = 546754EB25481CB200E7F573 /* UIView+AppyShadow.swift */; };
		546754EE254820EB00E7F573 /* DogViewModel.swift in Sources */ = {isa = PBXBuildFile; fileRef = 546754ED254820EB00E7F573 /* DogViewModel.swift */; };
/* End PBXBuildFile section */

/* Begin PBXContainerItemProxy section */
		5454802C254BC8A3008C859C /* PBXContainerItemProxy */ = {
			isa = PBXContainerItemProxy;
			containerPortal = 5467549F2546C02600E7F573 /* Project object */;
			proxyType = 1;
			remoteGlobalIDString = 546754A62546C02600E7F573;
			remoteInfo = DogPatch;
		};
/* End PBXContainerItemProxy section */

/* Begin PBXFileReference section */
		54548027254BC8A3008C859C /* AsynchronounsTestCase.xctest */ = {isa = PBXFileReference; explicitFileType = wrapper.cfbundle; includeInIndex = 0; path = AsynchronounsTestCase.xctest; sourceTree = BUILT_PRODUCTS_DIR; };
		54548029254BC8A3008C859C /* AsynchronounsTestCase.swift */ = {isa = PBXFileReference; lastKnownFileType = sourcecode.swift; path = AsynchronounsTestCase.swift; sourceTree = "<group>"; };
		5454802B254BC8A3008C859C /* Info.plist */ = {isa = PBXFileReference; lastKnownFileType = text.plist.xml; path = Info.plist; sourceTree = "<group>"; };
		54548031254BD36C008C859C /* dogs.json */ = {isa = PBXFileReference; fileEncoding = 4; lastKnownFileType = text.json; path = dogs.json; sourceTree = "<group>"; };
		546754A72546C02600E7F573 /* DogPatch.app */ = {isa = PBXFileReference; explicitFileType = wrapper.application; includeInIndex = 0; path = DogPatch.app; sourceTree = BUILT_PRODUCTS_DIR; };
		546754AA2546C02600E7F573 /* AppDelegate.swift */ = {isa = PBXFileReference; lastKnownFileType = sourcecode.swift; path = AppDelegate.swift; sourceTree = "<group>"; };
		546754AC2546C02600E7F573 /* SceneDelegate.swift */ = {isa = PBXFileReference; lastKnownFileType = sourcecode.swift; path = SceneDelegate.swift; sourceTree = "<group>"; };
		546754AE2546C02600E7F573 /* ListingViewController.swift */ = {isa = PBXFileReference; lastKnownFileType = sourcecode.swift; path = ListingViewController.swift; sourceTree = "<group>"; };
		546754B12546C02600E7F573 /* Base */ = {isa = PBXFileReference; lastKnownFileType = file.storyboard; name = Base; path = Base.lproj/Main.storyboard; sourceTree = "<group>"; };
		546754B32546C02B00E7F573 /* Assets.xcassets */ = {isa = PBXFileReference; lastKnownFileType = folder.assetcatalog; path = Assets.xcassets; sourceTree = "<group>"; };
		546754B62546C02B00E7F573 /* Base */ = {isa = PBXFileReference; lastKnownFileType = file.storyboard; name = Base; path = Base.lproj/LaunchScreen.storyboard; sourceTree = "<group>"; };
		546754B82546C02B00E7F573 /* Info.plist */ = {isa = PBXFileReference; lastKnownFileType = text.plist.xml; path = Info.plist; sourceTree = "<group>"; };
		546754C62546CF7A00E7F573 /* Colors.xcassets */ = {isa = PBXFileReference; lastKnownFileType = folder.assetcatalog; path = Colors.xcassets; sourceTree = "<group>"; };
		546754C82546DAB200E7F573 /* LogoNavigationItem.swift */ = {isa = PBXFileReference; lastKnownFileType = sourcecode.swift; path = LogoNavigationItem.swift; sourceTree = "<group>"; };
		546754CD2546DB6F00E7F573 /* ListingCell.swift */ = {isa = PBXFileReference; lastKnownFileType = sourcecode.swift; path = ListingCell.swift; sourceTree = "<group>"; };
		546754CF2546DEA200E7F573 /* ErrorTableViewCell.swift */ = {isa = PBXFileReference; lastKnownFileType = sourcecode.swift; path = ErrorTableViewCell.swift; sourceTree = "<group>"; };
		546754D02546DEA200E7F573 /* ErrorTableViewCell.xib */ = {isa = PBXFileReference; lastKnownFileType = file.xib; path = ErrorTableViewCell.xib; sourceTree = "<group>"; };
		546754D32546E65C00E7F573 /* Dog.swift */ = {isa = PBXFileReference; lastKnownFileType = sourcecode.swift; path = Dog.swift; sourceTree = "<group>"; };
		546754D525471A6B00E7F573 /* User.swift */ = {isa = PBXFileReference; lastKnownFileType = sourcecode.swift; path = User.swift; sourceTree = "<group>"; };
		546754D725471B5C00E7F573 /* DogPatchClient.swift */ = {isa = PBXFileReference; lastKnownFileType = sourcecode.swift; path = DogPatchClient.swift; sourceTree = "<group>"; };
		546754D92547EB2C00E7F573 /* ImageClient.swift */ = {isa = PBXFileReference; lastKnownFileType = sourcecode.swift; path = ImageClient.swift; sourceTree = "<group>"; };
		546754DF2547F68600E7F573 /* UITableViewCell+Identifier.swift */ = {isa = PBXFileReference; lastKnownFileType = sourcecode.swift; path = "UITableViewCell+Identifier.swift"; sourceTree = "<group>"; };
		546754E12547F6F500E7F573 /* StoryboardCreateble.swift */ = {isa = PBXFileReference; lastKnownFileType = sourcecode.swift; path = StoryboardCreateble.swift; sourceTree = "<group>"; };
		546754E32547F85900E7F573 /* UIViewController+StoryBoardCreateble.swift */ = {isa = PBXFileReference; lastKnownFileType = sourcecode.swift; path = "UIViewController+StoryBoardCreateble.swift"; sourceTree = "<group>"; };
		546754E52548141800E7F573 /* NibCreatable.swift */ = {isa = PBXFileReference; lastKnownFileType = sourcecode.swift; path = NibCreatable.swift; sourceTree = "<group>"; };
		546754E7254814C700E7F573 /* UIViewController+NibCreatable.swift */ = {isa = PBXFileReference; lastKnownFileType = sourcecode.swift; path = "UIViewController+NibCreatable.swift"; sourceTree = "<group>"; };
		546754E9254815BF00E7F573 /* UIView+NibCreatable.swift */ = {isa = PBXFileReference; lastKnownFileType = sourcecode.swift; path = "UIView+NibCreatable.swift"; sourceTree = "<group>"; };
		546754EB25481CB200E7F573 /* UIView+AppyShadow.swift */ = {isa = PBXFileReference; lastKnownFileType = sourcecode.swift; path = "UIView+AppyShadow.swift"; sourceTree = "<group>"; };
		546754ED254820EB00E7F573 /* DogViewModel.swift */ = {isa = PBXFileReference; lastKnownFileType = sourcecode.swift; path = DogViewModel.swift; sourceTree = "<group>"; };
/* End PBXFileReference section */

/* Begin PBXFrameworksBuildPhase section */
		54548024254BC8A3008C859C /* Frameworks */ = {
			isa = PBXFrameworksBuildPhase;
			buildActionMask = 2147483647;
			files = (
			);
			runOnlyForDeploymentPostprocessing = 0;
		};
		546754A42546C02600E7F573 /* Frameworks */ = {
			isa = PBXFrameworksBuildPhase;
			buildActionMask = 2147483647;
			files = (
			);
			runOnlyForDeploymentPostprocessing = 0;
		};
/* End PBXFrameworksBuildPhase section */

/* Begin PBXGroup section */
		54548028254BC8A3008C859C /* AsynchronounsTestCase */ = {
			isa = PBXGroup;
			children = (
				54548031254BD36C008C859C /* dogs.json */,
				54548029254BC8A3008C859C /* AsynchronounsTestCase.swift */,
				5454802B254BC8A3008C859C /* Info.plist */,
			);
			path = AsynchronounsTestCase;
			sourceTree = "<group>";
		};
		5467549E2546C02600E7F573 = {
			isa = PBXGroup;
			children = (
				546754A92546C02600E7F573 /* DogPatch */,
				54548028254BC8A3008C859C /* AsynchronounsTestCase */,
				546754A82546C02600E7F573 /* Products */,
			);
			sourceTree = "<group>";
		};
		546754A82546C02600E7F573 /* Products */ = {
			isa = PBXGroup;
			children = (
				546754A72546C02600E7F573 /* DogPatch.app */,
				54548027254BC8A3008C859C /* AsynchronounsTestCase.xctest */,
			);
			name = Products;
			sourceTree = "<group>";
		};
		546754A92546C02600E7F573 /* DogPatch */ = {
			isa = PBXGroup;
			children = (
				546754BE2546C06100E7F573 /* AppDelegate */,
				546754BF2546C09100E7F573 /* Controllers */,
				546754C42546C7A900E7F573 /* ViewModels */,
				546754C32546C79700E7F573 /* Resources */,
				546754C22546C78800E7F573 /* Networking */,
				546754C12546C77200E7F573 /* Models */,
				546754C02546C74E00E7F573 /* Extensions */,
				546754C52546C7B400E7F573 /* Views */,
				546754AC2546C02600E7F573 /* SceneDelegate.swift */,
				546754B82546C02B00E7F573 /* Info.plist */,
			);
			path = DogPatch;
			sourceTree = "<group>";
		};
		546754BE2546C06100E7F573 /* AppDelegate */ = {
			isa = PBXGroup;
			children = (
				546754AA2546C02600E7F573 /* AppDelegate.swift */,
			);
			path = AppDelegate;
			sourceTree = "<group>";
		};
		546754BF2546C09100E7F573 /* Controllers */ = {
			isa = PBXGroup;
			children = (
				546754AE2546C02600E7F573 /* ListingViewController.swift */,
			);
			path = Controllers;
			sourceTree = "<group>";
		};
		546754C02546C74E00E7F573 /* Extensions */ = {
			isa = PBXGroup;
			children = (
				546754DE2547F62C00E7F573 /* StoryboardCreatable */,
				546754DD2547F62000E7F573 /* Shadow */,
				546754DC2547F60E00E7F573 /* NibCreatable */,
				546754DB2547F5FB00E7F573 /* identifiers */,
			);
			path = Extensions;
			sourceTree = "<group>";
		};
		546754C12546C77200E7F573 /* Models */ = {
			isa = PBXGroup;
			children = (
				546754D32546E65C00E7F573 /* Dog.swift */,
				546754D525471A6B00E7F573 /* User.swift */,
			);
			path = Models;
			sourceTree = "<group>";
		};
		546754C22546C78800E7F573 /* Networking */ = {
			isa = PBXGroup;
			children = (
				546754D725471B5C00E7F573 /* DogPatchClient.swift */,
				546754D92547EB2C00E7F573 /* ImageClient.swift */,
			);
			path = Networking;
			sourceTree = "<group>";
		};
		546754C32546C79700E7F573 /* Resources */ = {
			isa = PBXGroup;
			children = (
				546754C62546CF7A00E7F573 /* Colors.xcassets */,
				546754B32546C02B00E7F573 /* Assets.xcassets */,
			);
			path = Resources;
			sourceTree = "<group>";
		};
		546754C42546C7A900E7F573 /* ViewModels */ = {
			isa = PBXGroup;
			children = (
				546754ED254820EB00E7F573 /* DogViewModel.swift */,
			);
			path = ViewModels;
			sourceTree = "<group>";
		};
		546754C52546C7B400E7F573 /* Views */ = {
			isa = PBXGroup;
			children = (
				546754CC2546DB5200E7F573 /* TableViewCells */,
				546754CB2546DAD300E7F573 /* Storyboards */,
				546754CA2546DABB00E7F573 /* navigation */,
			);
			path = Views;
			sourceTree = "<group>";
		};
		546754CA2546DABB00E7F573 /* navigation */ = {
			isa = PBXGroup;
			children = (
				546754C82546DAB200E7F573 /* LogoNavigationItem.swift */,
			);
			path = navigation;
			sourceTree = "<group>";
		};
		546754CB2546DAD300E7F573 /* Storyboards */ = {
			isa = PBXGroup;
			children = (
				546754B52546C02B00E7F573 /* LaunchScreen.storyboard */,
				546754B02546C02600E7F573 /* Main.storyboard */,
			);
			path = Storyboards;
			sourceTree = "<group>";
		};
		546754CC2546DB5200E7F573 /* TableViewCells */ = {
			isa = PBXGroup;
			children = (
				546754CD2546DB6F00E7F573 /* ListingCell.swift */,
				546754CF2546DEA200E7F573 /* ErrorTableViewCell.swift */,
				546754D02546DEA200E7F573 /* ErrorTableViewCell.xib */,
			);
			path = TableViewCells;
			sourceTree = "<group>";
		};
		546754DB2547F5FB00E7F573 /* identifiers */ = {
			isa = PBXGroup;
			children = (
				546754DF2547F68600E7F573 /* UITableViewCell+Identifier.swift */,
			);
			path = identifiers;
			sourceTree = "<group>";
		};
		546754DC2547F60E00E7F573 /* NibCreatable */ = {
			isa = PBXGroup;
			children = (
				546754E52548141800E7F573 /* NibCreatable.swift */,
				546754E7254814C700E7F573 /* UIViewController+NibCreatable.swift */,
				546754E9254815BF00E7F573 /* UIView+NibCreatable.swift */,
			);
			path = NibCreatable;
			sourceTree = "<group>";
		};
		546754DD2547F62000E7F573 /* Shadow */ = {
			isa = PBXGroup;
			children = (
				546754EB25481CB200E7F573 /* UIView+AppyShadow.swift */,
			);
			path = Shadow;
			sourceTree = "<group>";
		};
		546754DE2547F62C00E7F573 /* StoryboardCreatable */ = {
			isa = PBXGroup;
			children = (
				546754E12547F6F500E7F573 /* StoryboardCreateble.swift */,
				546754E32547F85900E7F573 /* UIViewController+StoryBoardCreateble.swift */,
			);
			path = StoryboardCreatable;
			sourceTree = "<group>";
		};
/* End PBXGroup section */

/* Begin PBXNativeTarget section */
		54548026254BC8A3008C859C /* AsynchronounsTestCase */ = {
			isa = PBXNativeTarget;
			buildConfigurationList = 54548030254BC8A3008C859C /* Build configuration list for PBXNativeTarget "AsynchronounsTestCase" */;
			buildPhases = (
				54548023254BC8A3008C859C /* Sources */,
				54548024254BC8A3008C859C /* Frameworks */,
				54548025254BC8A3008C859C /* Resources */,
			);
			buildRules = (
			);
			dependencies = (
				5454802D254BC8A3008C859C /* PBXTargetDependency */,
			);
			name = AsynchronounsTestCase;
			productName = AsynchronounsTestCase;
			productReference = 54548027254BC8A3008C859C /* AsynchronounsTestCase.xctest */;
			productType = "com.apple.product-type.bundle.unit-test";
		};
		546754A62546C02600E7F573 /* DogPatch */ = {
			isa = PBXNativeTarget;
			buildConfigurationList = 546754BB2546C02B00E7F573 /* Build configuration list for PBXNativeTarget "DogPatch" */;
			buildPhases = (
				546754A32546C02600E7F573 /* Sources */,
				546754A42546C02600E7F573 /* Frameworks */,
				546754A52546C02600E7F573 /* Resources */,
			);
			buildRules = (
			);
			dependencies = (
			);
			name = DogPatch;
			productName = DogPatch;
			productReference = 546754A72546C02600E7F573 /* DogPatch.app */;
			productType = "com.apple.product-type.application";
		};
/* End PBXNativeTarget section */

/* Begin PBXProject section */
		5467549F2546C02600E7F573 /* Project object */ = {
			isa = PBXProject;
			attributes = {
				LastSwiftUpdateCheck = 1150;
				LastUpgradeCheck = 1150;
				ORGANIZATIONNAME = Mdo;
				TargetAttributes = {
					54548026254BC8A3008C859C = {
						CreatedOnToolsVersion = 11.5;
						TestTargetID = 546754A62546C02600E7F573;
					};
					546754A62546C02600E7F573 = {
						CreatedOnToolsVersion = 11.5;
					};
				};
			};
			buildConfigurationList = 546754A22546C02600E7F573 /* Build configuration list for PBXProject "DogPatch" */;
			compatibilityVersion = "Xcode 9.3";
			developmentRegion = en;
			hasScannedForEncodings = 0;
			knownRegions = (
				en,
				Base,
			);
			mainGroup = 5467549E2546C02600E7F573;
			productRefGroup = 546754A82546C02600E7F573 /* Products */;
			projectDirPath = "";
			projectRoot = "";
			targets = (
				546754A62546C02600E7F573 /* DogPatch */,
				54548026254BC8A3008C859C /* AsynchronounsTestCase */,
			);
		};
/* End PBXProject section */

/* Begin PBXResourcesBuildPhase section */
		54548025254BC8A3008C859C /* Resources */ = {
			isa = PBXResourcesBuildPhase;
			buildActionMask = 2147483647;
			files = (
				54548032254BD36C008C859C /* dogs.json in Resources */,
			);
			runOnlyForDeploymentPostprocessing = 0;
		};
		546754A52546C02600E7F573 /* Resources */ = {
			isa = PBXResourcesBuildPhase;
			buildActionMask = 2147483647;
			files = (
				546754D22546DEA200E7F573 /* ErrorTableViewCell.xib in Resources */,
				546754B72546C02B00E7F573 /* LaunchScreen.storyboard in Resources */,
				546754C72546CF7A00E7F573 /* Colors.xcassets in Resources */,
				546754B42546C02B00E7F573 /* Assets.xcassets in Resources */,
				546754B22546C02600E7F573 /* Main.storyboard in Resources */,
			);
			runOnlyForDeploymentPostprocessing = 0;
		};
/* End PBXResourcesBuildPhase section */

/* Begin PBXSourcesBuildPhase section */
		54548023254BC8A3008C859C /* Sources */ = {
			isa = PBXSourcesBuildPhase;
			buildActionMask = 2147483647;
			files = (
				5454802A254BC8A3008C859C /* AsynchronounsTestCase.swift in Sources */,
			);
			runOnlyForDeploymentPostprocessing = 0;
		};
		546754A32546C02600E7F573 /* Sources */ = {
			isa = PBXSourcesBuildPhase;
			buildActionMask = 2147483647;
			files = (
				546754E42547F85900E7F573 /* UIViewController+StoryBoardCreateble.swift in Sources */,
				546754E22547F6F500E7F573 /* StoryboardCreateble.swift in Sources */,
				546754AF2546C02600E7F573 /* ListingViewController.swift in Sources */,
				546754E62548141800E7F573 /* NibCreatable.swift in Sources */,
				546754EA254815BF00E7F573 /* UIView+NibCreatable.swift in Sources */,
				546754D42546E65C00E7F573 /* Dog.swift in Sources */,
				546754AB2546C02600E7F573 /* AppDelegate.swift in Sources */,
				546754EC25481CB200E7F573 /* UIView+AppyShadow.swift in Sources */,
				546754D12546DEA200E7F573 /* ErrorTableViewCell.swift in Sources */,
				546754D625471A6B00E7F573 /* User.swift in Sources */,
				546754E8254814C700E7F573 /* UIViewController+NibCreatable.swift in Sources */,
				546754CE2546DB6F00E7F573 /* ListingCell.swift in Sources */,
				546754AD2546C02600E7F573 /* SceneDelegate.swift in Sources */,
				546754E02547F68600E7F573 /* UITableViewCell+Identifier.swift in Sources */,
				546754C92546DAB200E7F573 /* LogoNavigationItem.swift in Sources */,
				546754EE254820EB00E7F573 /* DogViewModel.swift in Sources */,
				546754DA2547EB2C00E7F573 /* ImageClient.swift in Sources */,
				546754D825471B5C00E7F573 /* DogPatchClient.swift in Sources */,
			);
			runOnlyForDeploymentPostprocessing = 0;
		};
/* End PBXSourcesBuildPhase section */

/* Begin PBXTargetDependency section */
		5454802D254BC8A3008C859C /* PBXTargetDependency */ = {
			isa = PBXTargetDependency;
			target = 546754A62546C02600E7F573 /* DogPatch */;
			targetProxy = 5454802C254BC8A3008C859C /* PBXContainerItemProxy */;
		};
/* End PBXTargetDependency section */

/* Begin PBXVariantGroup section */
		546754B02546C02600E7F573 /* Main.storyboard */ = {
			isa = PBXVariantGroup;
			children = (
				546754B12546C02600E7F573 /* Base */,
			);
			name = Main.storyboard;
			sourceTree = "<group>";
		};
		546754B52546C02B00E7F573 /* LaunchScreen.storyboard */ = {
			isa = PBXVariantGroup;
			children = (
				546754B62546C02B00E7F573 /* Base */,
			);
			name = LaunchScreen.storyboard;
			sourceTree = "<group>";
		};
/* End PBXVariantGroup section */

/* Begin XCBuildConfiguration section */
		5454802E254BC8A3008C859C /* Debug */ = {
			isa = XCBuildConfiguration;
			buildSettings = {
				BUNDLE_LOADER = "$(TEST_HOST)";
				CODE_SIGN_STYLE = Automatic;
				DEVELOPMENT_TEAM = 4L2MSKX5Q6;
				INFOPLIST_FILE = AsynchronounsTestCase/Info.plist;
				LD_RUNPATH_SEARCH_PATHS = (
					"$(inherited)",
					"@executable_path/Frameworks",
					"@loader_path/Frameworks",
				);
				PRODUCT_BUNDLE_IDENTIFIER = com.mdo.ios.AsynchronounsTestCase;
				PRODUCT_NAME = "$(TARGET_NAME)";
				SWIFT_VERSION = 5.0;
				TARGETED_DEVICE_FAMILY = "1,2";
				TEST_HOST = "$(BUILT_PRODUCTS_DIR)/DogPatch.app/DogPatch";
			};
			name = Debug;
		};
		5454802F254BC8A3008C859C /* Release */ = {
			isa = XCBuildConfiguration;
			buildSettings = {
				BUNDLE_LOADER = "$(TEST_HOST)";
				CODE_SIGN_STYLE = Automatic;
				DEVELOPMENT_TEAM = 4L2MSKX5Q6;
				INFOPLIST_FILE = AsynchronounsTestCase/Info.plist;
				LD_RUNPATH_SEARCH_PATHS = (
					"$(inherited)",
					"@executable_path/Frameworks",
					"@loader_path/Frameworks",
				);
				PRODUCT_BUNDLE_IDENTIFIER = com.mdo.ios.AsynchronounsTestCase;
				PRODUCT_NAME = "$(TARGET_NAME)";
				SWIFT_VERSION = 5.0;
				TARGETED_DEVICE_FAMILY = "1,2";
				TEST_HOST = "$(BUILT_PRODUCTS_DIR)/DogPatch.app/DogPatch";
			};
			name = Release;
		};
		546754B92546C02B00E7F573 /* Debug */ = {
			isa = XCBuildConfiguration;
			buildSettings = {
				ALWAYS_SEARCH_USER_PATHS = NO;
				CLANG_ANALYZER_NONNULL = YES;
				CLANG_ANALYZER_NUMBER_OBJECT_CONVERSION = YES_AGGRESSIVE;
				CLANG_CXX_LANGUAGE_STANDARD = "gnu++14";
				CLANG_CXX_LIBRARY = "libc++";
				CLANG_ENABLE_MODULES = YES;
				CLANG_ENABLE_OBJC_ARC = YES;
				CLANG_ENABLE_OBJC_WEAK = YES;
				CLANG_WARN_BLOCK_CAPTURE_AUTORELEASING = YES;
				CLANG_WARN_BOOL_CONVERSION = YES;
				CLANG_WARN_COMMA = YES;
				CLANG_WARN_CONSTANT_CONVERSION = YES;
				CLANG_WARN_DEPRECATED_OBJC_IMPLEMENTATIONS = YES;
				CLANG_WARN_DIRECT_OBJC_ISA_USAGE = YES_ERROR;
				CLANG_WARN_DOCUMENTATION_COMMENTS = YES;
				CLANG_WARN_EMPTY_BODY = YES;
				CLANG_WARN_ENUM_CONVERSION = YES;
				CLANG_WARN_INFINITE_RECURSION = YES;
				CLANG_WARN_INT_CONVERSION = YES;
				CLANG_WARN_NON_LITERAL_NULL_CONVERSION = YES;
				CLANG_WARN_OBJC_IMPLICIT_RETAIN_SELF = YES;
				CLANG_WARN_OBJC_LITERAL_CONVERSION = YES;
				CLANG_WARN_OBJC_ROOT_CLASS = YES_ERROR;
				CLANG_WARN_RANGE_LOOP_ANALYSIS = YES;
				CLANG_WARN_STRICT_PROTOTYPES = YES;
				CLANG_WARN_SUSPICIOUS_MOVE = YES;
				CLANG_WARN_UNGUARDED_AVAILABILITY = YES_AGGRESSIVE;
				CLANG_WARN_UNREACHABLE_CODE = YES;
				CLANG_WARN__DUPLICATE_METHOD_MATCH = YES;
				COPY_PHASE_STRIP = NO;
				DEBUG_INFORMATION_FORMAT = dwarf;
				ENABLE_STRICT_OBJC_MSGSEND = YES;
				ENABLE_TESTABILITY = YES;
				GCC_C_LANGUAGE_STANDARD = gnu11;
				GCC_DYNAMIC_NO_PIC = NO;
				GCC_NO_COMMON_BLOCKS = YES;
				GCC_OPTIMIZATION_LEVEL = 0;
				GCC_PREPROCESSOR_DEFINITIONS = (
					"DEBUG=1",
					"$(inherited)",
				);
				GCC_WARN_64_TO_32_BIT_CONVERSION = YES;
				GCC_WARN_ABOUT_RETURN_TYPE = YES_ERROR;
				GCC_WARN_UNDECLARED_SELECTOR = YES;
				GCC_WARN_UNINITIALIZED_AUTOS = YES_AGGRESSIVE;
				GCC_WARN_UNUSED_FUNCTION = YES;
				GCC_WARN_UNUSED_VARIABLE = YES;
				IPHONEOS_DEPLOYMENT_TARGET = 13.5;
				MTL_ENABLE_DEBUG_INFO = INCLUDE_SOURCE;
				MTL_FAST_MATH = YES;
				ONLY_ACTIVE_ARCH = YES;
				SDKROOT = iphoneos;
				SWIFT_ACTIVE_COMPILATION_CONDITIONS = DEBUG;
				SWIFT_OPTIMIZATION_LEVEL = "-Onone";
			};
			name = Debug;
		};
		546754BA2546C02B00E7F573 /* Release */ = {
			isa = XCBuildConfiguration;
			buildSettings = {
				ALWAYS_SEARCH_USER_PATHS = NO;
				CLANG_ANALYZER_NONNULL = YES;
				CLANG_ANALYZER_NUMBER_OBJECT_CONVERSION = YES_AGGRESSIVE;
				CLANG_CXX_LANGUAGE_STANDARD = "gnu++14";
				CLANG_CXX_LIBRARY = "libc++";
				CLANG_ENABLE_MODULES = YES;
				CLANG_ENABLE_OBJC_ARC = YES;
				CLANG_ENABLE_OBJC_WEAK = YES;
				CLANG_WARN_BLOCK_CAPTURE_AUTORELEASING = YES;
				CLANG_WARN_BOOL_CONVERSION = YES;
				CLANG_WARN_COMMA = YES;
				CLANG_WARN_CONSTANT_CONVERSION = YES;
				CLANG_WARN_DEPRECATED_OBJC_IMPLEMENTATIONS = YES;
				CLANG_WARN_DIRECT_OBJC_ISA_USAGE = YES_ERROR;
				CLANG_WARN_DOCUMENTATION_COMMENTS = YES;
				CLANG_WARN_EMPTY_BODY = YES;
				CLANG_WARN_ENUM_CONVERSION = YES;
				CLANG_WARN_INFINITE_RECURSION = YES;
				CLANG_WARN_INT_CONVERSION = YES;
				CLANG_WARN_NON_LITERAL_NULL_CONVERSION = YES;
				CLANG_WARN_OBJC_IMPLICIT_RETAIN_SELF = YES;
				CLANG_WARN_OBJC_LITERAL_CONVERSION = YES;
				CLANG_WARN_OBJC_ROOT_CLASS = YES_ERROR;
				CLANG_WARN_RANGE_LOOP_ANALYSIS = YES;
				CLANG_WARN_STRICT_PROTOTYPES = YES;
				CLANG_WARN_SUSPICIOUS_MOVE = YES;
				CLANG_WARN_UNGUARDED_AVAILABILITY = YES_AGGRESSIVE;
				CLANG_WARN_UNREACHABLE_CODE = YES;
				CLANG_WARN__DUPLICATE_METHOD_MATCH = YES;
				COPY_PHASE_STRIP = NO;
				DEBUG_INFORMATION_FORMAT = "dwarf-with-dsym";
				ENABLE_NS_ASSERTIONS = NO;
				ENABLE_STRICT_OBJC_MSGSEND = YES;
				GCC_C_LANGUAGE_STANDARD = gnu11;
				GCC_NO_COMMON_BLOCKS = YES;
				GCC_WARN_64_TO_32_BIT_CONVERSION = YES;
				GCC_WARN_ABOUT_RETURN_TYPE = YES_ERROR;
				GCC_WARN_UNDECLARED_SELECTOR = YES;
				GCC_WARN_UNINITIALIZED_AUTOS = YES_AGGRESSIVE;
				GCC_WARN_UNUSED_FUNCTION = YES;
				GCC_WARN_UNUSED_VARIABLE = YES;
				IPHONEOS_DEPLOYMENT_TARGET = 13.5;
				MTL_ENABLE_DEBUG_INFO = NO;
				MTL_FAST_MATH = YES;
				SDKROOT = iphoneos;
				SWIFT_COMPILATION_MODE = wholemodule;
				SWIFT_OPTIMIZATION_LEVEL = "-O";
				VALIDATE_PRODUCT = YES;
			};
			name = Release;
		};
		546754BC2546C02B00E7F573 /* Debug */ = {
			isa = XCBuildConfiguration;
			buildSettings = {
				ASSETCATALOG_COMPILER_APPICON_NAME = AppIcon;
				CODE_SIGN_STYLE = Automatic;
				DEVELOPMENT_TEAM = 4L2MSKX5Q6;
				INFOPLIST_FILE = DogPatch/Info.plist;
				LD_RUNPATH_SEARCH_PATHS = (
					"$(inherited)",
					"@executable_path/Frameworks",
				);
				PRODUCT_BUNDLE_IDENTIFIER = com.mdo.ios.DogPatch;
				PRODUCT_NAME = "$(TARGET_NAME)";
				SWIFT_VERSION = 5.0;
				TARGETED_DEVICE_FAMILY = "1,2";
			};
			name = Debug;
		};
		546754BD2546C02B00E7F573 /* Release */ = {
			isa = XCBuildConfiguration;
			buildSettings = {
				ASSETCATALOG_COMPILER_APPICON_NAME = AppIcon;
				CODE_SIGN_STYLE = Automatic;
				DEVELOPMENT_TEAM = 4L2MSKX5Q6;
				INFOPLIST_FILE = DogPatch/Info.plist;
				LD_RUNPATH_SEARCH_PATHS = (
					"$(inherited)",
					"@executable_path/Frameworks",
				);
				PRODUCT_BUNDLE_IDENTIFIER = com.mdo.ios.DogPatch;
				PRODUCT_NAME = "$(TARGET_NAME)";
				SWIFT_VERSION = 5.0;
				TARGETED_DEVICE_FAMILY = "1,2";
			};
			name = Release;
		};
/* End XCBuildConfiguration section */

/* Begin XCConfigurationList section */
		54548030254BC8A3008C859C /* Build configuration list for PBXNativeTarget "AsynchronounsTestCase" */ = {
			isa = XCConfigurationList;
			buildConfigurations = (
				5454802E254BC8A3008C859C /* Debug */,
				5454802F254BC8A3008C859C /* Release */,
			);
			defaultConfigurationIsVisible = 0;
			defaultConfigurationName = Release;
		};
		546754A22546C02600E7F573 /* Build configuration list for PBXProject "DogPatch" */ = {
			isa = XCConfigurationList;
			buildConfigurations = (
				546754B92546C02B00E7F573 /* Debug */,
				546754BA2546C02B00E7F573 /* Release */,
			);
			defaultConfigurationIsVisible = 0;
			defaultConfigurationName = Release;
		};
		546754BB2546C02B00E7F573 /* Build configuration list for PBXNativeTarget "DogPatch" */ = {
			isa = XCConfigurationList;
			buildConfigurations = (
				546754BC2546C02B00E7F573 /* Debug */,
				546754BD2546C02B00E7F573 /* Release */,
			);
			defaultConfigurationIsVisible = 0;
			defaultConfigurationName = Release;
		};
/* End XCConfigurationList section */
	};
	rootObject = 5467549F2546C02600E7F573 /* Project object */;
}
